// !$*UTF8*$!
{
	archiveVersion = 1;
	classes = {
	};
	objectVersion = 50;
	objects = {

/* Begin PBXBuildFile section */
		BFBC580624E28757004678F0 /* AppDelegate.m in Sources */ = {isa = PBXBuildFile; fileRef = BFBC580524E28757004678F0 /* AppDelegate.m */; };
		BFBC580924E28757004678F0 /* SceneDelegate.m in Sources */ = {isa = PBXBuildFile; fileRef = BFBC580824E28757004678F0 /* SceneDelegate.m */; };
		BFBC580C24E28757004678F0 /* ViewController.m in Sources */ = {isa = PBXBuildFile; fileRef = BFBC580B24E28757004678F0 /* ViewController.m */; };
		BFBC580F24E28757004678F0 /* Main.storyboard in Resources */ = {isa = PBXBuildFile; fileRef = BFBC580D24E28757004678F0 /* Main.storyboard */; };
		BFBC581124E2875A004678F0 /* Assets.xcassets in Resources */ = {isa = PBXBuildFile; fileRef = BFBC581024E2875A004678F0 /* Assets.xcassets */; };
		BFBC581424E2875A004678F0 /* LaunchScreen.storyboard in Resources */ = {isa = PBXBuildFile; fileRef = BFBC581224E2875A004678F0 /* LaunchScreen.storyboard */; };
		BFBC581724E2875A004678F0 /* main.m in Sources */ = {isa = PBXBuildFile; fileRef = BFBC581624E2875A004678F0 /* main.m */; };
		BFBC581E24E28C44004678F0 /* glsl.vsh in Resources */ = {isa = PBXBuildFile; fileRef = BFBC581D24E28C44004678F0 /* glsl.vsh */; };
		BFBC582024E28C58004678F0 /* glsl.fsh in Resources */ = {isa = PBXBuildFile; fileRef = BFBC581F24E28C58004678F0 /* glsl.fsh */; };
		BFBC582224E28EF2004678F0 /* sample.png in Resources */ = {isa = PBXBuildFile; fileRef = BFBC582124E28EF2004678F0 /* sample.png */; };
		BFBC582624E2948E004678F0 /* Shader.m in Sources */ = {isa = PBXBuildFile; fileRef = BFBC582524E2948E004678F0 /* Shader.m */; };
		BFBC582924E2BC26004678F0 /* awesomeface.png in Resources */ = {isa = PBXBuildFile; fileRef = BFBC582824E2BC26004678F0 /* awesomeface.png */; };
		BFBC582E24E2BE97004678F0 /* TextureUtil.m in Sources */ = {isa = PBXBuildFile; fileRef = BFBC582D24E2BE97004678F0 /* TextureUtil.m */; };
/* End PBXBuildFile section */

/* Begin PBXFileReference section */
		BFBC580124E28757004678F0 /* opengl-es.app */ = {isa = PBXFileReference; explicitFileType = wrapper.application; includeInIndex = 0; path = "opengl-es.app"; sourceTree = BUILT_PRODUCTS_DIR; };
		BFBC580424E28757004678F0 /* AppDelegate.h */ = {isa = PBXFileReference; lastKnownFileType = sourcecode.c.h; path = AppDelegate.h; sourceTree = "<group>"; };
		BFBC580524E28757004678F0 /* AppDelegate.m */ = {isa = PBXFileReference; lastKnownFileType = sourcecode.c.objc; path = AppDelegate.m; sourceTree = "<group>"; };
		BFBC580724E28757004678F0 /* SceneDelegate.h */ = {isa = PBXFileReference; lastKnownFileType = sourcecode.c.h; path = SceneDelegate.h; sourceTree = "<group>"; };
		BFBC580824E28757004678F0 /* SceneDelegate.m */ = {isa = PBXFileReference; lastKnownFileType = sourcecode.c.objc; path = SceneDelegate.m; sourceTree = "<group>"; };
		BFBC580A24E28757004678F0 /* ViewController.h */ = {isa = PBXFileReference; lastKnownFileType = sourcecode.c.h; path = ViewController.h; sourceTree = "<group>"; };
		BFBC580B24E28757004678F0 /* ViewController.m */ = {isa = PBXFileReference; lastKnownFileType = sourcecode.c.objc; path = ViewController.m; sourceTree = "<group>"; };
		BFBC580E24E28757004678F0 /* Base */ = {isa = PBXFileReference; lastKnownFileType = file.storyboard; name = Base; path = Base.lproj/Main.storyboard; sourceTree = "<group>"; };
		BFBC581024E2875A004678F0 /* Assets.xcassets */ = {isa = PBXFileReference; lastKnownFileType = folder.assetcatalog; path = Assets.xcassets; sourceTree = "<group>"; };
		BFBC581324E2875A004678F0 /* Base */ = {isa = PBXFileReference; lastKnownFileType = file.storyboard; name = Base; path = Base.lproj/LaunchScreen.storyboard; sourceTree = "<group>"; };
		BFBC581524E2875A004678F0 /* Info.plist */ = {isa = PBXFileReference; lastKnownFileType = text.plist.xml; path = Info.plist; sourceTree = "<group>"; };
		BFBC581624E2875A004678F0 /* main.m */ = {isa = PBXFileReference; lastKnownFileType = sourcecode.c.objc; path = main.m; sourceTree = "<group>"; };
		BFBC581D24E28C44004678F0 /* glsl.vsh */ = {isa = PBXFileReference; lastKnownFileType = sourcecode.glsl; path = glsl.vsh; sourceTree = "<group>"; };
		BFBC581F24E28C58004678F0 /* glsl.fsh */ = {isa = PBXFileReference; lastKnownFileType = sourcecode.glsl; path = glsl.fsh; sourceTree = "<group>"; };
		BFBC582124E28EF2004678F0 /* sample.png */ = {isa = PBXFileReference; lastKnownFileType = image.png; path = sample.png; sourceTree = "<group>"; };
		BFBC582424E2948E004678F0 /* Shader.h */ = {isa = PBXFileReference; lastKnownFileType = sourcecode.c.h; path = Shader.h; sourceTree = "<group>"; };
		BFBC582524E2948E004678F0 /* Shader.m */ = {isa = PBXFileReference; lastKnownFileType = sourcecode.c.objc; path = Shader.m; sourceTree = "<group>"; };
		BFBC582824E2BC26004678F0 /* awesomeface.png */ = {isa = PBXFileReference; lastKnownFileType = image.png; path = awesomeface.png; sourceTree = "<group>"; };
		BFBC582C24E2BE97004678F0 /* TextureUtil.h */ = {isa = PBXFileReference; lastKnownFileType = sourcecode.c.h; path = TextureUtil.h; sourceTree = "<group>"; };
		BFBC582D24E2BE97004678F0 /* TextureUtil.m */ = {isa = PBXFileReference; lastKnownFileType = sourcecode.c.objc; path = TextureUtil.m; sourceTree = "<group>"; };
/* End PBXFileReference section */

/* Begin PBXFrameworksBuildPhase section */
		BFBC57FE24E28757004678F0 /* Frameworks */ = {
			isa = PBXFrameworksBuildPhase;
			buildActionMask = 2147483647;
			files = (
			);
			runOnlyForDeploymentPostprocessing = 0;
		};
/* End PBXFrameworksBuildPhase section */

/* Begin PBXGroup section */
		BFBC57F824E28757004678F0 = {
			isa = PBXGroup;
			children = (
				BFBC580324E28757004678F0 /* opengl-es */,
				BFBC580224E28757004678F0 /* Products */,
			);
			sourceTree = "<group>";
		};
		BFBC580224E28757004678F0 /* Products */ = {
			isa = PBXGroup;
			children = (
				BFBC580124E28757004678F0 /* opengl-es.app */,
			);
			name = Products;
			sourceTree = "<group>";
		};
		BFBC580324E28757004678F0 /* opengl-es */ = {
			isa = PBXGroup;
			children = (
				BFBC582B24E2BE58004678F0 /* texture */,
				BFBC582A24E2BC3C004678F0 /* img */,
				BFBC582724E29DD2004678F0 /* glsl */,
				BFBC582324E29468004678F0 /* shader */,
				BFBC580424E28757004678F0 /* AppDelegate.h */,
				BFBC580524E28757004678F0 /* AppDelegate.m */,
				BFBC580724E28757004678F0 /* SceneDelegate.h */,
				BFBC580824E28757004678F0 /* SceneDelegate.m */,
				BFBC580A24E28757004678F0 /* ViewController.h */,
				BFBC580B24E28757004678F0 /* ViewController.m */,
				BFBC580D24E28757004678F0 /* Main.storyboard */,
				BFBC581024E2875A004678F0 /* Assets.xcassets */,
				BFBC581224E2875A004678F0 /* LaunchScreen.storyboard */,
				BFBC581524E2875A004678F0 /* Info.plist */,
				BFBC581624E2875A004678F0 /* main.m */,
			);
			path = "opengl-es";
			sourceTree = "<group>";
		};
		BFBC582324E29468004678F0 /* shader */ = {
			isa = PBXGroup;
			children = (
				BFBC582424E2948E004678F0 /* Shader.h */,
				BFBC582524E2948E004678F0 /* Shader.m */,
			);
			path = shader;
			sourceTree = "<group>";
		};
		BFBC582724E29DD2004678F0 /* glsl */ = {
			isa = PBXGroup;
			children = (
				BFBC581D24E28C44004678F0 /* glsl.vsh */,
				BFBC581F24E28C58004678F0 /* glsl.fsh */,
			);
			path = glsl;
			sourceTree = "<group>";
		};
		BFBC582A24E2BC3C004678F0 /* img */ = {
			isa = PBXGroup;
			children = (
				BFBC582824E2BC26004678F0 /* awesomeface.png */,
				BFBC582124E28EF2004678F0 /* sample.png */,
			);
			path = img;
			sourceTree = "<group>";
		};
		BFBC582B24E2BE58004678F0 /* texture */ = {
			isa = PBXGroup;
			children = (
				BFBC582C24E2BE97004678F0 /* TextureUtil.h */,
				BFBC582D24E2BE97004678F0 /* TextureUtil.m */,
			);
			path = texture;
			sourceTree = "<group>";
		};
/* End PBXGroup section */

/* Begin PBXNativeTarget section */
		BFBC580024E28757004678F0 /* opengl-es */ = {
			isa = PBXNativeTarget;
			buildConfigurationList = BFBC581A24E2875A004678F0 /* Build configuration list for PBXNativeTarget "opengl-es" */;
			buildPhases = (
				BFBC57FD24E28757004678F0 /* Sources */,
				BFBC57FE24E28757004678F0 /* Frameworks */,
				BFBC57FF24E28757004678F0 /* Resources */,
			);
			buildRules = (
			);
			dependencies = (
			);
			name = "opengl-es";
			productName = "opengl-es";
			productReference = BFBC580124E28757004678F0 /* opengl-es.app */;
			productType = "com.apple.product-type.application";
		};
/* End PBXNativeTarget section */

/* Begin PBXProject section */
		BFBC57F924E28757004678F0 /* Project object */ = {
			isa = PBXProject;
			attributes = {
				LastUpgradeCheck = 1120;
				ORGANIZATIONNAME = vdian;
				TargetAttributes = {
					BFBC580024E28757004678F0 = {
						CreatedOnToolsVersion = 11.2.1;
					};
				};
			};
			buildConfigurationList = BFBC57FC24E28757004678F0 /* Build configuration list for PBXProject "opengl-es" */;
			compatibilityVersion = "Xcode 9.3";
			developmentRegion = en;
			hasScannedForEncodings = 0;
			knownRegions = (
				en,
				Base,
			);
			mainGroup = BFBC57F824E28757004678F0;
			productRefGroup = BFBC580224E28757004678F0 /* Products */;
			projectDirPath = "";
			projectRoot = "";
			targets = (
				BFBC580024E28757004678F0 /* opengl-es */,
			);
		};
/* End PBXProject section */

/* Begin PBXResourcesBuildPhase section */
		BFBC57FF24E28757004678F0 /* Resources */ = {
			isa = PBXResourcesBuildPhase;
			buildActionMask = 2147483647;
			files = (
				BFBC581424E2875A004678F0 /* LaunchScreen.storyboard in Resources */,
				BFBC582224E28EF2004678F0 /* sample.png in Resources */,
				BFBC581E24E28C44004678F0 /* glsl.vsh in Resources */,
				BFBC581124E2875A004678F0 /* Assets.xcassets in Resources */,
				BFBC582024E28C58004678F0 /* glsl.fsh in Resources */,
				BFBC580F24E28757004678F0 /* Main.storyboard in Resources */,
				BFBC582924E2BC26004678F0 /* awesomeface.png in Resources */,
			);
			runOnlyForDeploymentPostprocessing = 0;
		};
/* End PBXResourcesBuildPhase section */

/* Begin PBXSourcesBuildPhase section */
		BFBC57FD24E28757004678F0 /* Sources */ = {
			isa = PBXSourcesBuildPhase;
			buildActionMask = 2147483647;
			files = (
				BFBC580C24E28757004678F0 /* ViewController.m in Sources */,
				BFBC582E24E2BE97004678F0 /* TextureUtil.m in Sources */,
				BFBC580624E28757004678F0 /* AppDelegate.m in Sources */,
				BFBC581724E2875A004678F0 /* main.m in Sources */,
				BFBC580924E28757004678F0 /* SceneDelegate.m in Sources */,
				BFBC582624E2948E004678F0 /* Shader.m in Sources */,
			);
			runOnlyForDeploymentPostprocessing = 0;
		};
/* End PBXSourcesBuildPhase section */

/* Begin PBXVariantGroup section */
		BFBC580D24E28757004678F0 /* Main.storyboard */ = {
			isa = PBXVariantGroup;
			children = (
				BFBC580E24E28757004678F0 /* Base */,
			);
			name = Main.storyboard;
			sourceTree = "<group>";
		};
		BFBC581224E2875A004678F0 /* LaunchScreen.storyboard */ = {
			isa = PBXVariantGroup;
			children = (
				BFBC581324E2875A004678F0 /* Base */,
			);
			name = LaunchScreen.storyboard;
			sourceTree = "<group>";
		};
/* End PBXVariantGroup section */

/* Begin XCBuildConfiguration section */
		BFBC581824E2875A004678F0 /* Debug */ = {
			isa = XCBuildConfiguration;
			buildSettings = {
				ALWAYS_SEARCH_USER_PATHS = NO;
				CLANG_ANALYZER_NONNULL = YES;
				CLANG_ANALYZER_NUMBER_OBJECT_CONVERSION = YES_AGGRESSIVE;
				CLANG_CXX_LANGUAGE_STANDARD = "gnu++14";
				CLANG_CXX_LIBRARY = "libc++";
				CLANG_ENABLE_MODULES = YES;
				CLANG_ENABLE_OBJC_ARC = YES;
				CLANG_ENABLE_OBJC_WEAK = YES;
				CLANG_WARN_BLOCK_CAPTURE_AUTORELEASING = YES;
				CLANG_WARN_BOOL_CONVERSION = YES;
				CLANG_WARN_COMMA = YES;
				CLANG_WARN_CONSTANT_CONVERSION = YES;
				CLANG_WARN_DEPRECATED_OBJC_IMPLEMENTATIONS = YES;
				CLANG_WARN_DIRECT_OBJC_ISA_USAGE = YES_ERROR;
				CLANG_WARN_DOCUMENTATION_COMMENTS = YES;
				CLANG_WARN_EMPTY_BODY = YES;
				CLANG_WARN_ENUM_CONVERSION = YES;
				CLANG_WARN_INFINITE_RECURSION = YES;
				CLANG_WARN_INT_CONVERSION = YES;
				CLANG_WARN_NON_LITERAL_NULL_CONVERSION = YES;
				CLANG_WARN_OBJC_IMPLICIT_RETAIN_SELF = YES;
				CLANG_WARN_OBJC_LITERAL_CONVERSION = YES;
				CLANG_WARN_OBJC_ROOT_CLASS = YES_ERROR;
				CLANG_WARN_RANGE_LOOP_ANALYSIS = YES;
				CLANG_WARN_STRICT_PROTOTYPES = YES;
				CLANG_WARN_SUSPICIOUS_MOVE = YES;
				CLANG_WARN_UNGUARDED_AVAILABILITY = YES_AGGRESSIVE;
				CLANG_WARN_UNREACHABLE_CODE = YES;
				CLANG_WARN__DUPLICATE_METHOD_MATCH = YES;
				COPY_PHASE_STRIP = NO;
				DEBUG_INFORMATION_FORMAT = dwarf;
				ENABLE_STRICT_OBJC_MSGSEND = YES;
				ENABLE_TESTABILITY = YES;
				GCC_C_LANGUAGE_STANDARD = gnu11;
				GCC_DYNAMIC_NO_PIC = NO;
				GCC_NO_COMMON_BLOCKS = YES;
				GCC_OPTIMIZATION_LEVEL = 0;
				GCC_PREPROCESSOR_DEFINITIONS = (
					"DEBUG=1",
					"$(inherited)",
				);
				GCC_WARN_64_TO_32_BIT_CONVERSION = YES;
				GCC_WARN_ABOUT_RETURN_TYPE = YES_ERROR;
				GCC_WARN_UNDECLARED_SELECTOR = YES;
				GCC_WARN_UNINITIALIZED_AUTOS = YES_AGGRESSIVE;
				GCC_WARN_UNUSED_FUNCTION = YES;
				GCC_WARN_UNUSED_VARIABLE = YES;
				IPHONEOS_DEPLOYMENT_TARGET = 13.2;
				MTL_ENABLE_DEBUG_INFO = INCLUDE_SOURCE;
				MTL_FAST_MATH = YES;
				ONLY_ACTIVE_ARCH = YES;
				SDKROOT = iphoneos;
			};
			name = Debug;
		};
		BFBC581924E2875A004678F0 /* Release */ = {
			isa = XCBuildConfiguration;
			buildSettings = {
				ALWAYS_SEARCH_USER_PATHS = NO;
				CLANG_ANALYZER_NONNULL = YES;
				CLANG_ANALYZER_NUMBER_OBJECT_CONVERSION = YES_AGGRESSIVE;
				CLANG_CXX_LANGUAGE_STANDARD = "gnu++14";
				CLANG_CXX_LIBRARY = "libc++";
				CLANG_ENABLE_MODULES = YES;
				CLANG_ENABLE_OBJC_ARC = YES;
				CLANG_ENABLE_OBJC_WEAK = YES;
				CLANG_WARN_BLOCK_CAPTURE_AUTORELEASING = YES;
				CLANG_WARN_BOOL_CONVERSION = YES;
				CLANG_WARN_COMMA = YES;
				CLANG_WARN_CONSTANT_CONVERSION = YES;
				CLANG_WARN_DEPRECATED_OBJC_IMPLEMENTATIONS = YES;
				CLANG_WARN_DIRECT_OBJC_ISA_USAGE = YES_ERROR;
				CLANG_WARN_DOCUMENTATION_COMMENTS = YES;
				CLANG_WARN_EMPTY_BODY = YES;
				CLANG_WARN_ENUM_CONVERSION = YES;
				CLANG_WARN_INFINITE_RECURSION = YES;
				CLANG_WARN_INT_CONVERSION = YES;
				CLANG_WARN_NON_LITERAL_NULL_CONVERSION = YES;
				CLANG_WARN_OBJC_IMPLICIT_RETAIN_SELF = YES;
				CLANG_WARN_OBJC_LITERAL_CONVERSION = YES;
				CLANG_WARN_OBJC_ROOT_CLASS = YES_ERROR;
				CLANG_WARN_RANGE_LOOP_ANALYSIS = YES;
				CLANG_WARN_STRICT_PROTOTYPES = YES;
				CLANG_WARN_SUSPICIOUS_MOVE = YES;
				CLANG_WARN_UNGUARDED_AVAILABILITY = YES_AGGRESSIVE;
				CLANG_WARN_UNREACHABLE_CODE = YES;
				CLANG_WARN__DUPLICATE_METHOD_MATCH = YES;
				COPY_PHASE_STRIP = NO;
				DEBUG_INFORMATION_FORMAT = "dwarf-with-dsym";
				ENABLE_NS_ASSERTIONS = NO;
				ENABLE_STRICT_OBJC_MSGSEND = YES;
				GCC_C_LANGUAGE_STANDARD = gnu11;
				GCC_NO_COMMON_BLOCKS = YES;
				GCC_WARN_64_TO_32_BIT_CONVERSION = YES;
				GCC_WARN_ABOUT_RETURN_TYPE = YES_ERROR;
				GCC_WARN_UNDECLARED_SELECTOR = YES;
				GCC_WARN_UNINITIALIZED_AUTOS = YES_AGGRESSIVE;
				GCC_WARN_UNUSED_FUNCTION = YES;
				GCC_WARN_UNUSED_VARIABLE = YES;
				IPHONEOS_DEPLOYMENT_TARGET = 13.2;
				MTL_ENABLE_DEBUG_INFO = NO;
				MTL_FAST_MATH = YES;
				SDKROOT = iphoneos;
				VALIDATE_PRODUCT = YES;
			};
			name = Release;
		};
		BFBC581B24E2875A004678F0 /* Debug */ = {
			isa = XCBuildConfiguration;
			buildSettings = {
				ASSETCATALOG_COMPILER_APPICON_NAME = AppIcon;
				CODE_SIGN_STYLE = Automatic;
				INFOPLIST_FILE = "opengl-es/Info.plist";
				LD_RUNPATH_SEARCH_PATHS = (
					"$(inherited)",
					"@executable_path/Frameworks",
				);
				PRODUCT_BUNDLE_IDENTIFIER = "com.vdian.opengl-es";
				PRODUCT_NAME = "$(TARGET_NAME)";
				TARGETED_DEVICE_FAMILY = "1,2";
			};
			name = Debug;
		};
		BFBC581C24E2875A004678F0 /* Release */ = {
			isa = XCBuildConfiguration;
			buildSettings = {
				ASSETCATALOG_COMPILER_APPICON_NAME = AppIcon;
				CODE_SIGN_STYLE = Automatic;
				INFOPLIST_FILE = "opengl-es/Info.plist";
				LD_RUNPATH_SEARCH_PATHS = (
					"$(inherited)",
					"@executable_path/Frameworks",
				);
				PRODUCT_BUNDLE_IDENTIFIER = "com.vdian.opengl-es";
				PRODUCT_NAME = "$(TARGET_NAME)";
				TARGETED_DEVICE_FAMILY = "1,2";
			};
			name = Release;
		};
/* End XCBuildConfiguration section */

/* Begin XCConfigurationList section */
		BFBC57FC24E28757004678F0 /* Build configuration list for PBXProject "opengl-es" */ = {
			isa = XCConfigurationList;
			buildConfigurations = (
				BFBC581824E2875A004678F0 /* Debug */,
				BFBC581924E2875A004678F0 /* Release */,
			);
			defaultConfigurationIsVisible = 0;
			defaultConfigurationName = Release;
		};
		BFBC581A24E2875A004678F0 /* Build configuration list for PBXNativeTarget "opengl-es" */ = {
			isa = XCConfigurationList;
			buildConfigurations = (
				BFBC581B24E2875A004678F0 /* Debug */,
				BFBC581C24E2875A004678F0 /* Release */,
			);
			defaultConfigurationIsVisible = 0;
			defaultConfigurationName = Release;
		};
/* End XCConfigurationList section */
	};
	rootObject = BFBC57F924E28757004678F0 /* Project object */;
}
